Microsoft Visual Studio Solution File, Format Version 11.00
# Visual Studio 2008

Project("{1F29B97F-8BCE-E74A-6F3D-E65C9D0A5938}") = "rpg", "Assembly-CSharp.csproj", "{94C708C1-5F9E-2648-E605-8D49286552FD}"
EndProject
Global
	GlobalSection(SolutionConfigurationPlatforms) = preSolution
		Debug|Any CPU = Debug|Any CPU
		Release|Any CPU = Release|Any CPU
	EndGlobalSection
	GlobalSection(ProjectConfigurationPlatforms) = postSolution
		{94C708C1-5F9E-2648-E605-8D49286552FD}.Debug|Any CPU.ActiveCfg = Debug|Any CPU
		{94C708C1-5F9E-2648-E605-8D49286552FD}.Debug|Any CPU.Build.0 = Debug|Any CPU
		{94C708C1-5F9E-2648-E605-8D49286552FD}.Release|Any CPU.ActiveCfg = Release|Any CPU
		{94C708C1-5F9E-2648-E605-8D49286552FD}.Release|Any CPU.Build.0 = Release|Any CPU
	EndGlobalSection
	GlobalSection(SolutionProperties) = preSolution
		HideSolutionNode = FALSE
	EndGlobalSection
	GlobalSection(MonoDevelopProperties) = preSolution
		StartupItem = Assembly-CSharp.csproj
	EndGlobalSection
EndGlobal
